// !$*UTF8*$!
{
	archiveVersion = 1;
	classes = {
	};
	objectVersion = 50;
	objects = {

/* Begin PBXBuildFile section */
		8707BFA926579388004B082E /* Invitation.swift in Sources */ = {isa = PBXBuildFile; fileRef = 8707BFA826579388004B082E /* Invitation.swift */; };
		8707BFAB265794A8004B082E /* Ticket.swift in Sources */ = {isa = PBXBuildFile; fileRef = 8707BFAA265794A8004B082E /* Ticket.swift */; };
		8707BFAD26579541004B082E /* Bag.swift in Sources */ = {isa = PBXBuildFile; fileRef = 8707BFAC26579541004B082E /* Bag.swift */; };
		8707BFAF26579732004B082E /* Audience.swift in Sources */ = {isa = PBXBuildFile; fileRef = 8707BFAE26579732004B082E /* Audience.swift */; };
		8707BFB1265797BC004B082E /* TicketOffice.swift in Sources */ = {isa = PBXBuildFile; fileRef = 8707BFB0265797BC004B082E /* TicketOffice.swift */; };
		8707BFB3265799DD004B082E /* TicketSeller.swift in Sources */ = {isa = PBXBuildFile; fileRef = 8707BFB2265799DD004B082E /* TicketSeller.swift */; };
		8707BFB526579A42004B082E /* Theater.swift in Sources */ = {isa = PBXBuildFile; fileRef = 8707BFB426579A42004B082E /* Theater.swift */; };
		8707BFB92657A9B7004B082E /* Screening.swift in Sources */ = {isa = PBXBuildFile; fileRef = 8707BFB82657A9B7004B082E /* Screening.swift */; };
		8707BFBB2657AC62004B082E /* Money.swift in Sources */ = {isa = PBXBuildFile; fileRef = 8707BFBA2657AC62004B082E /* Money.swift */; };
		8707BFBD2657BA3E004B082E /* Reservation.swift in Sources */ = {isa = PBXBuildFile; fileRef = 8707BFBC2657BA3E004B082E /* Reservation.swift */; };
		8707BFBF2657BB22004B082E /* Movie.swift in Sources */ = {isa = PBXBuildFile; fileRef = 8707BFBE2657BB22004B082E /* Movie.swift */; };
		8707BFC12657BC81004B082E /* DiscountPolicy.swift in Sources */ = {isa = PBXBuildFile; fileRef = 8707BFC02657BC81004B082E /* DiscountPolicy.swift */; };
		8707BFC32657BFBC004B082E /* DiscountCondition.swift in Sources */ = {isa = PBXBuildFile; fileRef = 8707BFC22657BFBC004B082E /* DiscountCondition.swift */; };
		8707BFC52657C099004B082E /* SequenceCondition.swift in Sources */ = {isa = PBXBuildFile; fileRef = 8707BFC42657C099004B082E /* SequenceCondition.swift */; };
		8707BFC72657C129004B082E /* PeriodCondition.swift in Sources */ = {isa = PBXBuildFile; fileRef = 8707BFC62657C129004B082E /* PeriodCondition.swift */; };
		8707BFC92657C3E1004B082E /* DayOfWeek.swift in Sources */ = {isa = PBXBuildFile; fileRef = 8707BFC82657C3E1004B082E /* DayOfWeek.swift */; };
		8707BFCB2657C42F004B082E /* Extension+.swift in Sources */ = {isa = PBXBuildFile; fileRef = 8707BFCA2657C42F004B082E /* Extension+.swift */; };
		8707BFCD2657C6B2004B082E /* AmountDiscountPolicy.swift in Sources */ = {isa = PBXBuildFile; fileRef = 8707BFCC2657C6B2004B082E /* AmountDiscountPolicy.swift */; };
		8707BFCF2657C8D7004B082E /* PercentDiscountPolicy.swift in Sources */ = {isa = PBXBuildFile; fileRef = 8707BFCE2657C8D7004B082E /* PercentDiscountPolicy.swift */; };
		8707BFD12657CE11004B082E /* NoneDiscountPolicy.swift in Sources */ = {isa = PBXBuildFile; fileRef = 8707BFD02657CE11004B082E /* NoneDiscountPolicy.swift */; };
		8707BFD32657D217004B082E /* DefaultDiscountPolicy.swift in Sources */ = {isa = PBXBuildFile; fileRef = 8707BFD22657D217004B082E /* DefaultDiscountPolicy.swift */; };
		873827D12660DA55008684D8 /* Movie_.swift in Sources */ = {isa = PBXBuildFile; fileRef = 873827D02660DA55008684D8 /* Movie_.swift */; };
		873827D32660DA98008684D8 /* MovieType.swift in Sources */ = {isa = PBXBuildFile; fileRef = 873827D22660DA98008684D8 /* MovieType.swift */; };
		873827D52660DC85008684D8 /* DiscountConditionType.swift in Sources */ = {isa = PBXBuildFile; fileRef = 873827D42660DC85008684D8 /* DiscountConditionType.swift */; };
		873827D82660DCE3008684D8 /* DiscountCondition_.swift in Sources */ = {isa = PBXBuildFile; fileRef = 873827D72660DCE3008684D8 /* DiscountCondition_.swift */; };
		873827DA2660DE8C008684D8 /* Screening_.swift in Sources */ = {isa = PBXBuildFile; fileRef = 873827D92660DE8C008684D8 /* Screening_.swift */; };
		873827DC2660DF6A008684D8 /* Reservation_.swift in Sources */ = {isa = PBXBuildFile; fileRef = 873827DB2660DF6A008684D8 /* Reservation_.swift */; };
		873827DE2660E056008684D8 /* Customer.swift in Sources */ = {isa = PBXBuildFile; fileRef = 873827DD2660E056008684D8 /* Customer.swift */; };
		873827E02660E146008684D8 /* ReservationAgency.swift in Sources */ = {isa = PBXBuildFile; fileRef = 873827DF2660E146008684D8 /* ReservationAgency.swift */; };
		873827E22660E7A8008684D8 /* Rectangle.swift in Sources */ = {isa = PBXBuildFile; fileRef = 873827E12660E7A8008684D8 /* Rectangle.swift */; };
/* End PBXBuildFile section */

/* Begin PBXCopyFilesBuildPhase section */
		8707BF9C265792EE004B082E /* CopyFiles */ = {
			isa = PBXCopyFilesBuildPhase;
			buildActionMask = 2147483647;
			dstPath = /usr/share/man/man1/;
			dstSubfolderSpec = 0;
			files = (
			);
			runOnlyForDeploymentPostprocessing = 1;
		};
/* End PBXCopyFilesBuildPhase section */

/* Begin PBXFileReference section */
		8707BF9E265792EE004B082E /* objects */ = {isa = PBXFileReference; explicitFileType = "compiled.mach-o.executable"; includeInIndex = 0; path = objects; sourceTree = BUILT_PRODUCTS_DIR; };
		8707BFA826579388004B082E /* Invitation.swift */ = {isa = PBXFileReference; lastKnownFileType = sourcecode.swift; path = Invitation.swift; sourceTree = "<group>"; };
		8707BFAA265794A8004B082E /* Ticket.swift */ = {isa = PBXFileReference; lastKnownFileType = sourcecode.swift; path = Ticket.swift; sourceTree = "<group>"; };
		8707BFAC26579541004B082E /* Bag.swift */ = {isa = PBXFileReference; lastKnownFileType = sourcecode.swift; path = Bag.swift; sourceTree = "<group>"; };
		8707BFAE26579732004B082E /* Audience.swift */ = {isa = PBXFileReference; lastKnownFileType = sourcecode.swift; path = Audience.swift; sourceTree = "<group>"; };
		8707BFB0265797BC004B082E /* TicketOffice.swift */ = {isa = PBXFileReference; lastKnownFileType = sourcecode.swift; path = TicketOffice.swift; sourceTree = "<group>"; };
		8707BFB2265799DD004B082E /* TicketSeller.swift */ = {isa = PBXFileReference; lastKnownFileType = sourcecode.swift; path = TicketSeller.swift; sourceTree = "<group>"; };
		8707BFB426579A42004B082E /* Theater.swift */ = {isa = PBXFileReference; lastKnownFileType = sourcecode.swift; path = Theater.swift; sourceTree = "<group>"; };
		8707BFB82657A9B7004B082E /* Screening.swift */ = {isa = PBXFileReference; lastKnownFileType = sourcecode.swift; path = Screening.swift; sourceTree = "<group>"; };
		8707BFBA2657AC62004B082E /* Money.swift */ = {isa = PBXFileReference; lastKnownFileType = sourcecode.swift; path = Money.swift; sourceTree = "<group>"; };
		8707BFBC2657BA3E004B082E /* Reservation.swift */ = {isa = PBXFileReference; lastKnownFileType = sourcecode.swift; path = Reservation.swift; sourceTree = "<group>"; };
		8707BFBE2657BB22004B082E /* Movie.swift */ = {isa = PBXFileReference; lastKnownFileType = sourcecode.swift; path = Movie.swift; sourceTree = "<group>"; };
		8707BFC02657BC81004B082E /* DiscountPolicy.swift */ = {isa = PBXFileReference; lastKnownFileType = sourcecode.swift; path = DiscountPolicy.swift; sourceTree = "<group>"; };
		8707BFC22657BFBC004B082E /* DiscountCondition.swift */ = {isa = PBXFileReference; lastKnownFileType = sourcecode.swift; path = DiscountCondition.swift; sourceTree = "<group>"; };
		8707BFC42657C099004B082E /* SequenceCondition.swift */ = {isa = PBXFileReference; lastKnownFileType = sourcecode.swift; path = SequenceCondition.swift; sourceTree = "<group>"; };
		8707BFC62657C129004B082E /* PeriodCondition.swift */ = {isa = PBXFileReference; lastKnownFileType = sourcecode.swift; path = PeriodCondition.swift; sourceTree = "<group>"; };
		8707BFC82657C3E1004B082E /* DayOfWeek.swift */ = {isa = PBXFileReference; lastKnownFileType = sourcecode.swift; path = DayOfWeek.swift; sourceTree = "<group>"; };
		8707BFCA2657C42F004B082E /* Extension+.swift */ = {isa = PBXFileReference; lastKnownFileType = sourcecode.swift; path = "Extension+.swift"; sourceTree = "<group>"; };
		8707BFCC2657C6B2004B082E /* AmountDiscountPolicy.swift */ = {isa = PBXFileReference; lastKnownFileType = sourcecode.swift; path = AmountDiscountPolicy.swift; sourceTree = "<group>"; };
		8707BFCE2657C8D7004B082E /* PercentDiscountPolicy.swift */ = {isa = PBXFileReference; lastKnownFileType = sourcecode.swift; path = PercentDiscountPolicy.swift; sourceTree = "<group>"; };
		8707BFD02657CE11004B082E /* NoneDiscountPolicy.swift */ = {isa = PBXFileReference; lastKnownFileType = sourcecode.swift; path = NoneDiscountPolicy.swift; sourceTree = "<group>"; };
		8707BFD22657D217004B082E /* DefaultDiscountPolicy.swift */ = {isa = PBXFileReference; lastKnownFileType = sourcecode.swift; path = DefaultDiscountPolicy.swift; sourceTree = "<group>"; };
		873827D02660DA55008684D8 /* Movie_.swift */ = {isa = PBXFileReference; lastKnownFileType = sourcecode.swift; path = Movie_.swift; sourceTree = "<group>"; };
		873827D22660DA98008684D8 /* MovieType.swift */ = {isa = PBXFileReference; lastKnownFileType = sourcecode.swift; path = MovieType.swift; sourceTree = "<group>"; };
		873827D42660DC85008684D8 /* DiscountConditionType.swift */ = {isa = PBXFileReference; lastKnownFileType = sourcecode.swift; path = DiscountConditionType.swift; sourceTree = "<group>"; };
		873827D72660DCE3008684D8 /* DiscountCondition_.swift */ = {isa = PBXFileReference; lastKnownFileType = sourcecode.swift; path = DiscountCondition_.swift; sourceTree = "<group>"; };
		873827D92660DE8C008684D8 /* Screening_.swift */ = {isa = PBXFileReference; lastKnownFileType = sourcecode.swift; path = Screening_.swift; sourceTree = "<group>"; };
		873827DB2660DF6A008684D8 /* Reservation_.swift */ = {isa = PBXFileReference; lastKnownFileType = sourcecode.swift; path = Reservation_.swift; sourceTree = "<group>"; };
		873827DD2660E056008684D8 /* Customer.swift */ = {isa = PBXFileReference; lastKnownFileType = sourcecode.swift; path = Customer.swift; sourceTree = "<group>"; };
		873827DF2660E146008684D8 /* ReservationAgency.swift */ = {isa = PBXFileReference; lastKnownFileType = sourcecode.swift; path = ReservationAgency.swift; sourceTree = "<group>"; };
		873827E12660E7A8008684D8 /* Rectangle.swift */ = {isa = PBXFileReference; lastKnownFileType = sourcecode.swift; path = Rectangle.swift; sourceTree = "<group>"; };
/* End PBXFileReference section */

/* Begin PBXFrameworksBuildPhase section */
		8707BF9B265792EE004B082E /* Frameworks */ = {
			isa = PBXFrameworksBuildPhase;
			buildActionMask = 2147483647;
			files = (
			);
			runOnlyForDeploymentPostprocessing = 0;
		};
/* End PBXFrameworksBuildPhase section */

/* Begin PBXGroup section */
		8707BF95265792EE004B082E = {
			isa = PBXGroup;
			children = (
				8707BFA0265792EE004B082E /* objects */,
				8707BF9F265792EE004B082E /* Products */,
			);
			sourceTree = "<group>";
		};
		8707BF9F265792EE004B082E /* Products */ = {
			isa = PBXGroup;
			children = (
				8707BF9E265792EE004B082E /* objects */,
			);
			name = Products;
			sourceTree = "<group>";
		};
		8707BFA0265792EE004B082E /* objects */ = {
			isa = PBXGroup;
			children = (
				873827CF2660DA49008684D8 /* chapter04-movie-for-data */,
				8707BFB72657A84F004B082E /* chapter02-movie */,
				8707BFB62657A7DE004B082E /* chapter01-ticket */,
			);
			path = objects;
			sourceTree = "<group>";
		};
		8707BFB62657A7DE004B082E /* chapter01-ticket */ = {
			isa = PBXGroup;
			children = (
				8707BFA826579388004B082E /* Invitation.swift */,
				8707BFAA265794A8004B082E /* Ticket.swift */,
				8707BFAC26579541004B082E /* Bag.swift */,
				8707BFAE26579732004B082E /* Audience.swift */,
				8707BFB0265797BC004B082E /* TicketOffice.swift */,
				8707BFB2265799DD004B082E /* TicketSeller.swift */,
				8707BFB426579A42004B082E /* Theater.swift */,
			);
			path = "chapter01-ticket";
			sourceTree = "<group>";
		};
		8707BFB72657A84F004B082E /* chapter02-movie */ = {
			isa = PBXGroup;
			children = (
				8707BFB82657A9B7004B082E /* Screening.swift */,
				8707BFBA2657AC62004B082E /* Money.swift */,
				8707BFBC2657BA3E004B082E /* Reservation.swift */,
				8707BFBE2657BB22004B082E /* Movie.swift */,
				8707BFC02657BC81004B082E /* DiscountPolicy.swift */,
				8707BFC22657BFBC004B082E /* DiscountCondition.swift */,
				8707BFC42657C099004B082E /* SequenceCondition.swift */,
				8707BFC62657C129004B082E /* PeriodCondition.swift */,
				8707BFC82657C3E1004B082E /* DayOfWeek.swift */,
				8707BFCA2657C42F004B082E /* Extension+.swift */,
				8707BFCC2657C6B2004B082E /* AmountDiscountPolicy.swift */,
				8707BFCE2657C8D7004B082E /* PercentDiscountPolicy.swift */,
				8707BFD02657CE11004B082E /* NoneDiscountPolicy.swift */,
				8707BFD22657D217004B082E /* DefaultDiscountPolicy.swift */,
			);
			path = "chapter02-movie";
			sourceTree = "<group>";
		};
		873827CF2660DA49008684D8 /* chapter04-movie-for-data */ = {
			isa = PBXGroup;
			children = (
				873827D02660DA55008684D8 /* Movie_.swift */,
				873827D22660DA98008684D8 /* MovieType.swift */,
				873827D42660DC85008684D8 /* DiscountConditionType.swift */,
				873827D72660DCE3008684D8 /* DiscountCondition_.swift */,
				873827D92660DE8C008684D8 /* Screening_.swift */,
				873827DB2660DF6A008684D8 /* Reservation_.swift */,
				873827DD2660E056008684D8 /* Customer.swift */,
				873827DF2660E146008684D8 /* ReservationAgency.swift */,
				873827E12660E7A8008684D8 /* Rectangle.swift */,
			);
			path = "chapter04-movie-for-data";
			sourceTree = "<group>";
		};
/* End PBXGroup section */

/* Begin PBXNativeTarget section */
		8707BF9D265792EE004B082E /* objects */ = {
			isa = PBXNativeTarget;
			buildConfigurationList = 8707BFA5265792EE004B082E /* Build configuration list for PBXNativeTarget "objects" */;
			buildPhases = (
				8707BF9A265792EE004B082E /* Sources */,
				8707BF9B265792EE004B082E /* Frameworks */,
				8707BF9C265792EE004B082E /* CopyFiles */,
			);
			buildRules = (
			);
			dependencies = (
			);
			name = objects;
			productName = objects;
			productReference = 8707BF9E265792EE004B082E /* objects */;
			productType = "com.apple.product-type.tool";
		};
/* End PBXNativeTarget section */

/* Begin PBXProject section */
		8707BF96265792EE004B082E /* Project object */ = {
			isa = PBXProject;
			attributes = {
				LastSwiftUpdateCheck = 1250;
				LastUpgradeCheck = 1250;
				TargetAttributes = {
					8707BF9D265792EE004B082E = {
						CreatedOnToolsVersion = 12.5;
					};
				};
			};
			buildConfigurationList = 8707BF99265792EE004B082E /* Build configuration list for PBXProject "objects" */;
			compatibilityVersion = "Xcode 9.3";
			developmentRegion = en;
			hasScannedForEncodings = 0;
			knownRegions = (
				en,
				Base,
			);
			mainGroup = 8707BF95265792EE004B082E;
			productRefGroup = 8707BF9F265792EE004B082E /* Products */;
			projectDirPath = "";
			projectRoot = "";
			targets = (
				8707BF9D265792EE004B082E /* objects */,
			);
		};
/* End PBXProject section */

/* Begin PBXSourcesBuildPhase section */
		8707BF9A265792EE004B082E /* Sources */ = {
			isa = PBXSourcesBuildPhase;
			buildActionMask = 2147483647;
			files = (
				8707BFD12657CE11004B082E /* NoneDiscountPolicy.swift in Sources */,
				8707BFB92657A9B7004B082E /* Screening.swift in Sources */,
				8707BFA926579388004B082E /* Invitation.swift in Sources */,
				8707BFCF2657C8D7004B082E /* PercentDiscountPolicy.swift in Sources */,
				8707BFC32657BFBC004B082E /* DiscountCondition.swift in Sources */,
				8707BFBD2657BA3E004B082E /* Reservation.swift in Sources */,
				873827DA2660DE8C008684D8 /* Screening_.swift in Sources */,
				873827D12660DA55008684D8 /* Movie_.swift in Sources */,
				8707BFAB265794A8004B082E /* Ticket.swift in Sources */,
				8707BFBB2657AC62004B082E /* Money.swift in Sources */,
				8707BFAF26579732004B082E /* Audience.swift in Sources */,
				8707BFAD26579541004B082E /* Bag.swift in Sources */,
				873827E02660E146008684D8 /* ReservationAgency.swift in Sources */,
				8707BFC72657C129004B082E /* PeriodCondition.swift in Sources */,
				873827D82660DCE3008684D8 /* DiscountCondition_.swift in Sources */,
				873827E22660E7A8008684D8 /* Rectangle.swift in Sources */,
				873827D32660DA98008684D8 /* MovieType.swift in Sources */,
				873827DE2660E056008684D8 /* Customer.swift in Sources */,
				8707BFC92657C3E1004B082E /* DayOfWeek.swift in Sources */,
				8707BFB526579A42004B082E /* Theater.swift in Sources */,
				8707BFCB2657C42F004B082E /* Extension+.swift in Sources */,
				873827D52660DC85008684D8 /* DiscountConditionType.swift in Sources */,
				8707BFCD2657C6B2004B082E /* AmountDiscountPolicy.swift in Sources */,
				8707BFC12657BC81004B082E /* DiscountPolicy.swift in Sources */,
				873827DC2660DF6A008684D8 /* Reservation_.swift in Sources */,
				8707BFD32657D217004B082E /* DefaultDiscountPolicy.swift in Sources */,
				8707BFC52657C099004B082E /* SequenceCondition.swift in Sources */,
				8707BFB1265797BC004B082E /* TicketOffice.swift in Sources */,
				8707BFBF2657BB22004B082E /* Movie.swift in Sources */,
				8707BFB3265799DD004B082E /* TicketSeller.swift in Sources */,
			);
			runOnlyForDeploymentPostprocessing = 0;
		};
/* End PBXSourcesBuildPhase section */

/* Begin XCBuildConfiguration section */
		8707BFA3265792EE004B082E /* Debug */ = {
			isa = XCBuildConfiguration;
			buildSettings = {
				ALWAYS_SEARCH_USER_PATHS = NO;
				CLANG_ANALYZER_NONNULL = YES;
				CLANG_ANALYZER_NUMBER_OBJECT_CONVERSION = YES_AGGRESSIVE;
				CLANG_CXX_LANGUAGE_STANDARD = "gnu++14";
				CLANG_CXX_LIBRARY = "libc++";
				CLANG_ENABLE_MODULES = YES;
				CLANG_ENABLE_OBJC_ARC = YES;
				CLANG_ENABLE_OBJC_WEAK = YES;
				CLANG_WARN_BLOCK_CAPTURE_AUTORELEASING = YES;
				CLANG_WARN_BOOL_CONVERSION = YES;
				CLANG_WARN_COMMA = YES;
				CLANG_WARN_CONSTANT_CONVERSION = YES;
				CLANG_WARN_DEPRECATED_OBJC_IMPLEMENTATIONS = YES;
				CLANG_WARN_DIRECT_OBJC_ISA_USAGE = YES_ERROR;
				CLANG_WARN_DOCUMENTATION_COMMENTS = YES;
				CLANG_WARN_EMPTY_BODY = YES;
				CLANG_WARN_ENUM_CONVERSION = YES;
				CLANG_WARN_INFINITE_RECURSION = YES;
				CLANG_WARN_INT_CONVERSION = YES;
				CLANG_WARN_NON_LITERAL_NULL_CONVERSION = YES;
				CLANG_WARN_OBJC_IMPLICIT_RETAIN_SELF = YES;
				CLANG_WARN_OBJC_LITERAL_CONVERSION = YES;
				CLANG_WARN_OBJC_ROOT_CLASS = YES_ERROR;
				CLANG_WARN_QUOTED_INCLUDE_IN_FRAMEWORK_HEADER = YES;
				CLANG_WARN_RANGE_LOOP_ANALYSIS = YES;
				CLANG_WARN_STRICT_PROTOTYPES = YES;
				CLANG_WARN_SUSPICIOUS_MOVE = YES;
				CLANG_WARN_UNGUARDED_AVAILABILITY = YES_AGGRESSIVE;
				CLANG_WARN_UNREACHABLE_CODE = YES;
				CLANG_WARN__DUPLICATE_METHOD_MATCH = YES;
				COPY_PHASE_STRIP = NO;
				DEBUG_INFORMATION_FORMAT = dwarf;
				ENABLE_STRICT_OBJC_MSGSEND = YES;
				ENABLE_TESTABILITY = YES;
				GCC_C_LANGUAGE_STANDARD = gnu11;
				GCC_DYNAMIC_NO_PIC = NO;
				GCC_NO_COMMON_BLOCKS = YES;
				GCC_OPTIMIZATION_LEVEL = 0;
				GCC_PREPROCESSOR_DEFINITIONS = (
					"DEBUG=1",
					"$(inherited)",
				);
				GCC_WARN_64_TO_32_BIT_CONVERSION = YES;
				GCC_WARN_ABOUT_RETURN_TYPE = YES_ERROR;
				GCC_WARN_UNDECLARED_SELECTOR = YES;
				GCC_WARN_UNINITIALIZED_AUTOS = YES_AGGRESSIVE;
				GCC_WARN_UNUSED_FUNCTION = YES;
				GCC_WARN_UNUSED_VARIABLE = YES;
				MACOSX_DEPLOYMENT_TARGET = 11.3;
				MTL_ENABLE_DEBUG_INFO = INCLUDE_SOURCE;
				MTL_FAST_MATH = YES;
				ONLY_ACTIVE_ARCH = YES;
				SDKROOT = macosx;
				SWIFT_ACTIVE_COMPILATION_CONDITIONS = DEBUG;
				SWIFT_OPTIMIZATION_LEVEL = "-Onone";
			};
			name = Debug;
		};
		8707BFA4265792EE004B082E /* Release */ = {
			isa = XCBuildConfiguration;
			buildSettings = {
				ALWAYS_SEARCH_USER_PATHS = NO;
				CLANG_ANALYZER_NONNULL = YES;
				CLANG_ANALYZER_NUMBER_OBJECT_CONVERSION = YES_AGGRESSIVE;
				CLANG_CXX_LANGUAGE_STANDARD = "gnu++14";
				CLANG_CXX_LIBRARY = "libc++";
				CLANG_ENABLE_MODULES = YES;
				CLANG_ENABLE_OBJC_ARC = YES;
				CLANG_ENABLE_OBJC_WEAK = YES;
				CLANG_WARN_BLOCK_CAPTURE_AUTORELEASING = YES;
				CLANG_WARN_BOOL_CONVERSION = YES;
				CLANG_WARN_COMMA = YES;
				CLANG_WARN_CONSTANT_CONVERSION = YES;
				CLANG_WARN_DEPRECATED_OBJC_IMPLEMENTATIONS = YES;
				CLANG_WARN_DIRECT_OBJC_ISA_USAGE = YES_ERROR;
				CLANG_WARN_DOCUMENTATION_COMMENTS = YES;
				CLANG_WARN_EMPTY_BODY = YES;
				CLANG_WARN_ENUM_CONVERSION = YES;
				CLANG_WARN_INFINITE_RECURSION = YES;
				CLANG_WARN_INT_CONVERSION = YES;
				CLANG_WARN_NON_LITERAL_NULL_CONVERSION = YES;
				CLANG_WARN_OBJC_IMPLICIT_RETAIN_SELF = YES;
				CLANG_WARN_OBJC_LITERAL_CONVERSION = YES;
				CLANG_WARN_OBJC_ROOT_CLASS = YES_ERROR;
				CLANG_WARN_QUOTED_INCLUDE_IN_FRAMEWORK_HEADER = YES;
				CLANG_WARN_RANGE_LOOP_ANALYSIS = YES;
				CLANG_WARN_STRICT_PROTOTYPES = YES;
				CLANG_WARN_SUSPICIOUS_MOVE = YES;
				CLANG_WARN_UNGUARDED_AVAILABILITY = YES_AGGRESSIVE;
				CLANG_WARN_UNREACHABLE_CODE = YES;
				CLANG_WARN__DUPLICATE_METHOD_MATCH = YES;
				COPY_PHASE_STRIP = NO;
				DEBUG_INFORMATION_FORMAT = "dwarf-with-dsym";
				ENABLE_NS_ASSERTIONS = NO;
				ENABLE_STRICT_OBJC_MSGSEND = YES;
				GCC_C_LANGUAGE_STANDARD = gnu11;
				GCC_NO_COMMON_BLOCKS = YES;
				GCC_WARN_64_TO_32_BIT_CONVERSION = YES;
				GCC_WARN_ABOUT_RETURN_TYPE = YES_ERROR;
				GCC_WARN_UNDECLARED_SELECTOR = YES;
				GCC_WARN_UNINITIALIZED_AUTOS = YES_AGGRESSIVE;
				GCC_WARN_UNUSED_FUNCTION = YES;
				GCC_WARN_UNUSED_VARIABLE = YES;
				MACOSX_DEPLOYMENT_TARGET = 11.3;
				MTL_ENABLE_DEBUG_INFO = NO;
				MTL_FAST_MATH = YES;
				SDKROOT = macosx;
				SWIFT_COMPILATION_MODE = wholemodule;
				SWIFT_OPTIMIZATION_LEVEL = "-O";
			};
			name = Release;
		};
		8707BFA6265792EE004B082E /* Debug */ = {
			isa = XCBuildConfiguration;
			buildSettings = {
				CODE_SIGN_STYLE = Automatic;
				DEVELOPMENT_TEAM = F95C5R6HLY;
				ENABLE_HARDENED_RUNTIME = YES;
				PRODUCT_NAME = "$(TARGET_NAME)";
				SWIFT_VERSION = 5.0;
			};
			name = Debug;
		};
		8707BFA7265792EE004B082E /* Release */ = {
			isa = XCBuildConfiguration;
			buildSettings = {
				CODE_SIGN_STYLE = Automatic;
				DEVELOPMENT_TEAM = F95C5R6HLY;
				ENABLE_HARDENED_RUNTIME = YES;
				PRODUCT_NAME = "$(TARGET_NAME)";
				SWIFT_VERSION = 5.0;
			};
			name = Release;
		};
/* End XCBuildConfiguration section */

/* Begin XCConfigurationList section */
		8707BF99265792EE004B082E /* Build configuration list for PBXProject "objects" */ = {
			isa = XCConfigurationList;
			buildConfigurations = (
				8707BFA3265792EE004B082E /* Debug */,
				8707BFA4265792EE004B082E /* Release */,
			);
			defaultConfigurationIsVisible = 0;
			defaultConfigurationName = Release;
		};
		8707BFA5265792EE004B082E /* Build configuration list for PBXNativeTarget "objects" */ = {
			isa = XCConfigurationList;
			buildConfigurations = (
				8707BFA6265792EE004B082E /* Debug */,
				8707BFA7265792EE004B082E /* Release */,
			);
			defaultConfigurationIsVisible = 0;
			defaultConfigurationName = Release;
		};
/* End XCConfigurationList section */
	};
	rootObject = 8707BF96265792EE004B082E /* Project object */;
}
